
Microsoft Visual Studio Solution File, Format Version 12.00
# Visual Studio Version 17
VisualStudioVersion = 17.14.36212.18 d17.14
MinimumVisualStudioVersion = 10.0.40219.1
Project("{54A90642-561A-4BB1-A94E-469ADEE60C69}") = "flight_search.client", "flight_search.client\flight_search.client.esproj", "{0F1D0031-EA40-CBB1-59B0-94B95166CAA4}"
EndProject
Project("{FAE04EC0-301F-11D3-BF4B-00C04F79EFBC}") = "Flight_Search.Server", "Flight_Search.Server\Flight_Search.Server.csproj", "{35B599BA-A5A1-4FE7-8C28-CAA28327FFD1}"
EndProject
Global
	GlobalSection(SolutionConfigurationPlatforms) = preSolution
		Debug|Any CPU = Debug|Any CPU
		Release|Any CPU = Release|Any CPU
	EndGlobalSection
	GlobalSection(ProjectConfigurationPlatforms) = postSolution
		{0F1D0031-EA40-CBB1-59B0-94B95166CAA4}.Debug|Any CPU.ActiveCfg = Debug|Any CPU
		{0F1D0031-EA40-CBB1-59B0-94B95166CAA4}.Debug|Any CPU.Build.0 = Debug|Any CPU
		{0F1D0031-EA40-CBB1-59B0-94B95166CAA4}.Debug|Any CPU.Deploy.0 = Debug|Any CPU
		{0F1D0031-EA40-CBB1-59B0-94B95166CAA4}.Release|Any CPU.ActiveCfg = Release|Any CPU
		{0F1D0031-EA40-CBB1-59B0-94B95166CAA4}.Release|Any CPU.Build.0 = Release|Any CPU
		{0F1D0031-EA40-CBB1-59B0-94B95166CAA4}.Release|Any CPU.Deploy.0 = Release|Any CPU
		{35B599BA-A5A1-4FE7-8C28-CAA28327FFD1}.Debug|Any CPU.ActiveCfg = Debug|Any CPU
		{35B599BA-A5A1-4FE7-8C28-CAA28327FFD1}.Debug|Any CPU.Build.0 = Debug|Any CPU
		{35B599BA-A5A1-4FE7-8C28-CAA28327FFD1}.Release|Any CPU.ActiveCfg = Release|Any CPU
		{35B599BA-A5A1-4FE7-8C28-CAA28327FFD1}.Release|Any CPU.Build.0 = Release|Any CPU
	EndGlobalSection
	GlobalSection(SolutionProperties) = preSolution
		HideSolutionNode = FALSE
	EndGlobalSection
	GlobalSection(ExtensibilityGlobals) = postSolution
		SolutionGuid = {AE868CE2-7EF3-4266-A845-4D42E9A3FB93}
	EndGlobalSection
EndGlobal
